
Microsoft Visual Studio Solution File, Format Version 12.00
# Visual Studio 15
VisualStudioVersion = 15.0.28010.2003
MinimumVisualStudioVersion = 10.0.40219.1
Project("{9A19103F-16F7-4668-BE54-9A1E7A4F7556}") = "LKS.Web", "LKS.Web.SPA\LKS.Web.csproj", "{8BDFE069-2AE3-48C3-888C-DF38AF82D1F8}"
EndProject
Project("{9A19103F-16F7-4668-BE54-9A1E7A4F7556}") = "LKS.Data", "LKS.Data\LKS.Data.csproj", "{6DABDDE4-90A8-4591-8376-16D839E03D2B}"
EndProject
Project("{9A19103F-16F7-4668-BE54-9A1E7A4F7556}") = "LKS.Infrastructure", "LKS.Infrastructure\LKS.Infrastructure.csproj", "{D8835FC7-10A1-4942-B901-B96427D48B60}"
EndProject
Project("{FAE04EC0-301F-11D3-BF4B-00C04F79EFBC}") = "DataBase", "DataBase\DataBase.csproj", "{756C0C38-B68F-4FF4-97B1-28887FAD7603}"
EndProject
Global
	GlobalSection(SolutionConfigurationPlatforms) = preSolution
		Debug|Any CPU = Debug|Any CPU
		Release|Any CPU = Release|Any CPU
	EndGlobalSection
	GlobalSection(ProjectConfigurationPlatforms) = postSolution
		{8BDFE069-2AE3-48C3-888C-DF38AF82D1F8}.Debug|Any CPU.ActiveCfg = Debug|Any CPU
		{8BDFE069-2AE3-48C3-888C-DF38AF82D1F8}.Debug|Any CPU.Build.0 = Debug|Any CPU
		{8BDFE069-2AE3-48C3-888C-DF38AF82D1F8}.Release|Any CPU.ActiveCfg = Release|Any CPU
		{8BDFE069-2AE3-48C3-888C-DF38AF82D1F8}.Release|Any CPU.Build.0 = Release|Any CPU
		{6DABDDE4-90A8-4591-8376-16D839E03D2B}.Debug|Any CPU.ActiveCfg = Debug|Any CPU
		{6DABDDE4-90A8-4591-8376-16D839E03D2B}.Debug|Any CPU.Build.0 = Debug|Any CPU
		{6DABDDE4-90A8-4591-8376-16D839E03D2B}.Release|Any CPU.ActiveCfg = Release|Any CPU
		{6DABDDE4-90A8-4591-8376-16D839E03D2B}.Release|Any CPU.Build.0 = Release|Any CPU
		{D8835FC7-10A1-4942-B901-B96427D48B60}.Debug|Any CPU.ActiveCfg = Debug|Any CPU
		{D8835FC7-10A1-4942-B901-B96427D48B60}.Debug|Any CPU.Build.0 = Debug|Any CPU
		{D8835FC7-10A1-4942-B901-B96427D48B60}.Release|Any CPU.ActiveCfg = Release|Any CPU
		{D8835FC7-10A1-4942-B901-B96427D48B60}.Release|Any CPU.Build.0 = Release|Any CPU
		{756C0C38-B68F-4FF4-97B1-28887FAD7603}.Debug|Any CPU.ActiveCfg = Debug|Any CPU
		{756C0C38-B68F-4FF4-97B1-28887FAD7603}.Debug|Any CPU.Build.0 = Debug|Any CPU
		{756C0C38-B68F-4FF4-97B1-28887FAD7603}.Release|Any CPU.ActiveCfg = Release|Any CPU
		{756C0C38-B68F-4FF4-97B1-28887FAD7603}.Release|Any CPU.Build.0 = Release|Any CPU
	EndGlobalSection
	GlobalSection(SolutionProperties) = preSolution
		HideSolutionNode = FALSE
	EndGlobalSection
	GlobalSection(ExtensibilityGlobals) = postSolution
		SolutionGuid = {D44149A4-64C4-4F3D-A783-3F11E0D914F9}
	EndGlobalSection
EndGlobal
